schema: '2.0'
stages:
  load_data:
    cmd: python src/stage_01_load_save.py --config=config/config.yaml
    deps:
    - path: config/config.yaml
      md5: a74236da3f4b14910badff38f9120b65
      size: 208
    - path: src/stage_01_load_save.py
      md5: 302ff51efd412c479fc5c503ab6980d3
      size: 1056
    - path: src/utils/all_utils.py
      md5: 6a040980082f2c17f6ad388d692bdbd7
      size: 345
    outs:
    - path: artifacts/raw_local_dir/data.csv
      md5: 6a883fd98624e18c0b7ce251f4fab4fb
      size: 102551
